
Microsoft Visual Studio Solution File, Format Version 12.00
# Visual Studio Version 16
VisualStudioVersion = 16.0.31205.134
MinimumVisualStudioVersion = 10.0.40219.1
Project("{FAE04EC0-301F-11D3-BF4B-00C04F79EFBC}") = "prjFinalTerm", "prjFinalTerm\prjFinalTerm.csproj", "{1FCF971C-4777-48BE-A75E-3B69DAAFD77F}"
EndProject
Global
	GlobalSection(SolutionConfigurationPlatforms) = preSolution
		Debug|Any CPU = Debug|Any CPU
		Release|Any CPU = Release|Any CPU
	EndGlobalSection
	GlobalSection(ProjectConfigurationPlatforms) = postSolution
		{1FCF971C-4777-48BE-A75E-3B69DAAFD77F}.Debug|Any CPU.ActiveCfg = Debug|Any CPU
		{1FCF971C-4777-48BE-A75E-3B69DAAFD77F}.Debug|Any CPU.Build.0 = Debug|Any CPU
		{1FCF971C-4777-48BE-A75E-3B69DAAFD77F}.Release|Any CPU.ActiveCfg = Release|Any CPU
		{1FCF971C-4777-48BE-A75E-3B69DAAFD77F}.Release|Any CPU.Build.0 = Release|Any CPU
	EndGlobalSection
	GlobalSection(SolutionProperties) = preSolution
		HideSolutionNode = FALSE
	EndGlobalSection
	GlobalSection(ExtensibilityGlobals) = postSolution
		SolutionGuid = {3D3183CE-3941-4265-947C-9234169B8C70}
	EndGlobalSection
EndGlobal
